
Microsoft Visual Studio Solution File, Format Version 12.00
# Visual Studio Version 17
VisualStudioVersion = 17.3.32804.467
MinimumVisualStudioVersion = 10.0.40219.1
Project("{FAE04EC0-301F-11D3-BF4B-00C04F79EFBC}") = "PoupaDevAPI", "PoupaDevAPI\PoupaDevAPI.csproj", "{B498781A-2FD0-466C-95B9-34AE208C2A63}"
EndProject
Global
	GlobalSection(SolutionConfigurationPlatforms) = preSolution
		Debug|Any CPU = Debug|Any CPU
		Release|Any CPU = Release|Any CPU
	EndGlobalSection
	GlobalSection(ProjectConfigurationPlatforms) = postSolution
		{B498781A-2FD0-466C-95B9-34AE208C2A63}.Debug|Any CPU.ActiveCfg = Debug|Any CPU
		{B498781A-2FD0-466C-95B9-34AE208C2A63}.Debug|Any CPU.Build.0 = Debug|Any CPU
		{B498781A-2FD0-466C-95B9-34AE208C2A63}.Release|Any CPU.ActiveCfg = Release|Any CPU
		{B498781A-2FD0-466C-95B9-34AE208C2A63}.Release|Any CPU.Build.0 = Release|Any CPU
	EndGlobalSection
	GlobalSection(SolutionProperties) = preSolution
		HideSolutionNode = FALSE
	EndGlobalSection
	GlobalSection(ExtensibilityGlobals) = postSolution
		SolutionGuid = {83C241E3-CCDE-4E64-8B66-E80008B17BF9}
	EndGlobalSection
EndGlobal
